// !$*UTF8*$!
{
	archiveVersion = 1;
	classes = {
	};
	objectVersion = 50;
	objects = {

/* Begin PBXBuildFile section */
		845EE05320A4B3E300D12F0B /* Routables.swift in Sources */ = {isa = PBXBuildFile; fileRef = 845EE05220A4B3E300D12F0B /* Routables.swift */; };
		845EE05520A4B57300D12F0B /* Router.swift in Sources */ = {isa = PBXBuildFile; fileRef = 845EE05420A4B57300D12F0B /* Router.swift */; };
		845EE05820A4BA9A00D12F0B /* AlertView.swift in Sources */ = {isa = PBXBuildFile; fileRef = 845EE05720A4BA9A00D12F0B /* AlertView.swift */; };
		845EE05B20A4BC2800D12F0B /* XibView.swift in Sources */ = {isa = PBXBuildFile; fileRef = 845EE05A20A4BC2800D12F0B /* XibView.swift */; };
		845EE05D20A4BD9500D12F0B /* PopupView.swift in Sources */ = {isa = PBXBuildFile; fileRef = 845EE05C20A4BD9500D12F0B /* PopupView.swift */; };
		845EE05F20A4BEE600D12F0B /* PopupView.xib in Resources */ = {isa = PBXBuildFile; fileRef = 845EE05E20A4BEE600D12F0B /* PopupView.xib */; };
		845EE06120A4C09400D12F0B /* RoundedButton.swift in Sources */ = {isa = PBXBuildFile; fileRef = 845EE06020A4C09400D12F0B /* RoundedButton.swift */; };
		845EE06520A4C98800D12F0B /* Localizable.strings in Resources */ = {isa = PBXBuildFile; fileRef = 845EE06720A4C98800D12F0B /* Localizable.strings */; };
		845EE06920A4CADE00D12F0B /* UIViewControllerAlertExtensions.swift in Sources */ = {isa = PBXBuildFile; fileRef = 845EE06820A4CADE00D12F0B /* UIViewControllerAlertExtensions.swift */; };
		845EE06B20A4DE8900D12F0B /* LoginViewController.swift in Sources */ = {isa = PBXBuildFile; fileRef = 845EE06A20A4DE8900D12F0B /* LoginViewController.swift */; };
		845EE06D20A4E07300D12F0B /* LoginWebViewController.swift in Sources */ = {isa = PBXBuildFile; fileRef = 845EE06C20A4E07300D12F0B /* LoginWebViewController.swift */; };
		845EE06F20A507E000D12F0B /* UserService.swift in Sources */ = {isa = PBXBuildFile; fileRef = 845EE06E20A507E000D12F0B /* UserService.swift */; };
		846B45C020A6E96C00E14F3D /* TabBarViewController.swift in Sources */ = {isa = PBXBuildFile; fileRef = 846B45BF20A6E96C00E14F3D /* TabBarViewController.swift */; };
		846B45C220A6E9AF00E14F3D /* LibraryViewController.swift in Sources */ = {isa = PBXBuildFile; fileRef = 846B45C120A6E9AF00E14F3D /* LibraryViewController.swift */; };
		846B45C420A6E9C400E14F3D /* WishListViewController.swift in Sources */ = {isa = PBXBuildFile; fileRef = 846B45C320A6E9C400E14F3D /* WishListViewController.swift */; };
		846B45C620A6E9CF00E14F3D /* ChatViewController.swift in Sources */ = {isa = PBXBuildFile; fileRef = 846B45C520A6E9CF00E14F3D /* ChatViewController.swift */; };
		846B45C820A6EDFA00E14F3D /* Settings.swift in Sources */ = {isa = PBXBuildFile; fileRef = 846B45C720A6EDFA00E14F3D /* Settings.swift */; };
		846B45CA20A6F5D600E14F3D /* Friend.swift in Sources */ = {isa = PBXBuildFile; fileRef = 846B45C920A6F5D600E14F3D /* Friend.swift */; };
		846B45CC20A70D7400E14F3D /* FriendsListSection.swift in Sources */ = {isa = PBXBuildFile; fileRef = 846B45CB20A70D7400E14F3D /* FriendsListSection.swift */; };
		846B45CF20A70E4400E14F3D /* FriendTableViewCell.swift in Sources */ = {isa = PBXBuildFile; fileRef = 846B45CD20A70E4400E14F3D /* FriendTableViewCell.swift */; };
		846B45D020A70E4400E14F3D /* FriendTableViewCell.xib in Resources */ = {isa = PBXBuildFile; fileRef = 846B45CE20A70E4400E14F3D /* FriendTableViewCell.xib */; };
		8485DE4E20A7117B0022C37A /* Lato-LightItalic.ttf in Resources */ = {isa = PBXBuildFile; fileRef = 8485DE4420A711740022C37A /* Lato-LightItalic.ttf */; };
		8485DE4F20A7117B0022C37A /* Lato-Regular.ttf in Resources */ = {isa = PBXBuildFile; fileRef = 8485DE4520A711750022C37A /* Lato-Regular.ttf */; };
		8485DE5020A7117B0022C37A /* Lato-BlackItalic.ttf in Resources */ = {isa = PBXBuildFile; fileRef = 8485DE4620A711760022C37A /* Lato-BlackItalic.ttf */; };
		8485DE5120A7117B0022C37A /* Lato-Black.ttf in Resources */ = {isa = PBXBuildFile; fileRef = 8485DE4720A711760022C37A /* Lato-Black.ttf */; };
		8485DE5220A7117B0022C37A /* Lato-Hairline.ttf in Resources */ = {isa = PBXBuildFile; fileRef = 8485DE4820A711770022C37A /* Lato-Hairline.ttf */; };
		8485DE5320A7117B0022C37A /* Lato-Italic.ttf in Resources */ = {isa = PBXBuildFile; fileRef = 8485DE4920A711770022C37A /* Lato-Italic.ttf */; };
		8485DE5520A7117B0022C37A /* Lato-Bold.ttf in Resources */ = {isa = PBXBuildFile; fileRef = 8485DE4B20A711780022C37A /* Lato-Bold.ttf */; };
		8485DE5620A7117B0022C37A /* Lato-HairlineItalic.ttf in Resources */ = {isa = PBXBuildFile; fileRef = 8485DE4C20A711790022C37A /* Lato-HairlineItalic.ttf */; };
		8485DE5720A7117B0022C37A /* Lato-BoldItalic.ttf in Resources */ = {isa = PBXBuildFile; fileRef = 8485DE4D20A7117A0022C37A /* Lato-BoldItalic.ttf */; };
		8485DE5920A73F7E0022C37A /* Library.swift in Sources */ = {isa = PBXBuildFile; fileRef = 8485DE5820A73F7E0022C37A /* Library.swift */; };
		8485DE5B20A7430F0022C37A /* Game.swift in Sources */ = {isa = PBXBuildFile; fileRef = 8485DE5A20A7430F0022C37A /* Game.swift */; };
		8485DE5E20A74E640022C37A /* GameTableViewCell.swift in Sources */ = {isa = PBXBuildFile; fileRef = 8485DE5C20A74E640022C37A /* GameTableViewCell.swift */; };
		8485DE5F20A74E640022C37A /* GameTableViewCell.xib in Resources */ = {isa = PBXBuildFile; fileRef = 8485DE5D20A74E640022C37A /* GameTableViewCell.xib */; };
		8485DE6120A755BC0022C37A /* ChatWithViewController.swift in Sources */ = {isa = PBXBuildFile; fileRef = 8485DE6020A755BC0022C37A /* ChatWithViewController.swift */; };
		8486521B20A3AF2700645FD7 /* RESTClient.swift in Sources */ = {isa = PBXBuildFile; fileRef = 8486521A20A3AF2700645FD7 /* RESTClient.swift */; };
		8486521D20A3B68100645FD7 /* APIClient.swift in Sources */ = {isa = PBXBuildFile; fileRef = 8486521C20A3B68100645FD7 /* APIClient.swift */; };
		8486521F20A3B7F400645FD7 /* APIConstants.swift in Sources */ = {isa = PBXBuildFile; fileRef = 8486521E20A3B7F400645FD7 /* APIConstants.swift */; };
		8486522120A3B90400645FD7 /* ViewConstants.swift in Sources */ = {isa = PBXBuildFile; fileRef = 8486522020A3B90400645FD7 /* ViewConstants.swift */; };
		8486522320A3BA5600645FD7 /* UIExtensions.swift in Sources */ = {isa = PBXBuildFile; fileRef = 8486522220A3BA5600645FD7 /* UIExtensions.swift */; };
		8486522520A3BB0400645FD7 /* ViewControllerExtensions.swift in Sources */ = {isa = PBXBuildFile; fileRef = 8486522420A3BB0400645FD7 /* ViewControllerExtensions.swift */; };
		8486522720A3BB4300645FD7 /* Macros.swift in Sources */ = {isa = PBXBuildFile; fileRef = 8486522620A3BB4300645FD7 /* Macros.swift */; };
		8486522920A3BB7D00645FD7 /* FoundationUtils.swift in Sources */ = {isa = PBXBuildFile; fileRef = 8486522820A3BB7D00645FD7 /* FoundationUtils.swift */; };
		8486522B20A3BBC700645FD7 /* User.swift in Sources */ = {isa = PBXBuildFile; fileRef = 8486522A20A3BBC700645FD7 /* User.swift */; };
		8486522E20A3BE9000645FD7 /* TableViewService.swift in Sources */ = {isa = PBXBuildFile; fileRef = 8486522D20A3BE9000645FD7 /* TableViewService.swift */; };
		8486523020A3BED100645FD7 /* TableViewServiceSection.swift in Sources */ = {isa = PBXBuildFile; fileRef = 8486522F20A3BED100645FD7 /* TableViewServiceSection.swift */; };
		8486523220A3BEEE00645FD7 /* TableViewSectionItem.swift in Sources */ = {isa = PBXBuildFile; fileRef = 8486523120A3BEEE00645FD7 /* TableViewSectionItem.swift */; };
		8486523420A3BF0C00645FD7 /* TableViewServiceSectionBuilder.swift in Sources */ = {isa = PBXBuildFile; fileRef = 8486523320A3BF0C00645FD7 /* TableViewServiceSectionBuilder.swift */; };
		84DED08A20A3A88000F80B2A /* AppDelegate.swift in Sources */ = {isa = PBXBuildFile; fileRef = 84DED08920A3A88000F80B2A /* AppDelegate.swift */; };
		84DED08C20A3A88000F80B2A /* ViewController.swift in Sources */ = {isa = PBXBuildFile; fileRef = 84DED08B20A3A88000F80B2A /* ViewController.swift */; };
		84DED08F20A3A88000F80B2A /* Main.storyboard in Resources */ = {isa = PBXBuildFile; fileRef = 84DED08D20A3A88000F80B2A /* Main.storyboard */; };
		84DED09120A3A88100F80B2A /* Assets.xcassets in Resources */ = {isa = PBXBuildFile; fileRef = 84DED09020A3A88100F80B2A /* Assets.xcassets */; };
		84DED09420A3A88100F80B2A /* LaunchScreen.storyboard in Resources */ = {isa = PBXBuildFile; fileRef = 84DED09220A3A88100F80B2A /* LaunchScreen.storyboard */; };
		84DED09F20A3A88200F80B2A /* BaseProjectTests.swift in Sources */ = {isa = PBXBuildFile; fileRef = 84DED09E20A3A88200F80B2A /* BaseProjectTests.swift */; };
		84DED0AA20A3A88200F80B2A /* BaseProjectUITests.swift in Sources */ = {isa = PBXBuildFile; fileRef = 84DED0A920A3A88200F80B2A /* BaseProjectUITests.swift */; };
		B543D40AC86B880F12AB482E /* Pods_BaseProject.framework in Frameworks */ = {isa = PBXBuildFile; fileRef = F59750F3A480FEEF1D2FEDC4 /* Pods_BaseProject.framework */; };
/* End PBXBuildFile section */

/* Begin PBXContainerItemProxy section */
		84DED09B20A3A88200F80B2A /* PBXContainerItemProxy */ = {
			isa = PBXContainerItemProxy;
			containerPortal = 84DED07E20A3A87F00F80B2A /* Project object */;
			proxyType = 1;
			remoteGlobalIDString = 84DED08520A3A88000F80B2A;
			remoteInfo = BaseProject;
		};
		84DED0A620A3A88200F80B2A /* PBXContainerItemProxy */ = {
			isa = PBXContainerItemProxy;
			containerPortal = 84DED07E20A3A87F00F80B2A /* Project object */;
			proxyType = 1;
			remoteGlobalIDString = 84DED08520A3A88000F80B2A;
			remoteInfo = BaseProject;
		};
/* End PBXContainerItemProxy section */

/* Begin PBXFileReference section */
		35A030B78668597B1C0FBCC2 /* Pods-BaseProject.release.xcconfig */ = {isa = PBXFileReference; includeInIndex = 1; lastKnownFileType = text.xcconfig; name = "Pods-BaseProject.release.xcconfig"; path = "Pods/Target Support Files/Pods-BaseProject/Pods-BaseProject.release.xcconfig"; sourceTree = "<group>"; };
		845EE05220A4B3E300D12F0B /* Routables.swift */ = {isa = PBXFileReference; lastKnownFileType = sourcecode.swift; path = Routables.swift; sourceTree = "<group>"; };
		845EE05420A4B57300D12F0B /* Router.swift */ = {isa = PBXFileReference; lastKnownFileType = sourcecode.swift; path = Router.swift; sourceTree = "<group>"; };
		845EE05720A4BA9A00D12F0B /* AlertView.swift */ = {isa = PBXFileReference; lastKnownFileType = sourcecode.swift; path = AlertView.swift; sourceTree = "<group>"; };
		845EE05A20A4BC2800D12F0B /* XibView.swift */ = {isa = PBXFileReference; lastKnownFileType = sourcecode.swift; path = XibView.swift; sourceTree = "<group>"; };
		845EE05C20A4BD9500D12F0B /* PopupView.swift */ = {isa = PBXFileReference; lastKnownFileType = sourcecode.swift; path = PopupView.swift; sourceTree = "<group>"; };
		845EE05E20A4BEE600D12F0B /* PopupView.xib */ = {isa = PBXFileReference; lastKnownFileType = file.xib; path = PopupView.xib; sourceTree = "<group>"; };
		845EE06020A4C09400D12F0B /* RoundedButton.swift */ = {isa = PBXFileReference; lastKnownFileType = sourcecode.swift; path = RoundedButton.swift; sourceTree = "<group>"; };
		845EE06620A4C98800D12F0B /* en */ = {isa = PBXFileReference; lastKnownFileType = text.plist.strings; name = en; path = en.lproj/Localizable.strings; sourceTree = "<group>"; };
		845EE06820A4CADE00D12F0B /* UIViewControllerAlertExtensions.swift */ = {isa = PBXFileReference; lastKnownFileType = sourcecode.swift; path = UIViewControllerAlertExtensions.swift; sourceTree = "<group>"; };
		845EE06A20A4DE8900D12F0B /* LoginViewController.swift */ = {isa = PBXFileReference; lastKnownFileType = sourcecode.swift; path = LoginViewController.swift; sourceTree = "<group>"; };
		845EE06C20A4E07300D12F0B /* LoginWebViewController.swift */ = {isa = PBXFileReference; lastKnownFileType = sourcecode.swift; path = LoginWebViewController.swift; sourceTree = "<group>"; };
		845EE06E20A507E000D12F0B /* UserService.swift */ = {isa = PBXFileReference; lastKnownFileType = sourcecode.swift; path = UserService.swift; sourceTree = "<group>"; };
		846B45BF20A6E96C00E14F3D /* TabBarViewController.swift */ = {isa = PBXFileReference; lastKnownFileType = sourcecode.swift; path = TabBarViewController.swift; sourceTree = "<group>"; };
		846B45C120A6E9AF00E14F3D /* LibraryViewController.swift */ = {isa = PBXFileReference; lastKnownFileType = sourcecode.swift; path = LibraryViewController.swift; sourceTree = "<group>"; };
		846B45C320A6E9C400E14F3D /* WishListViewController.swift */ = {isa = PBXFileReference; lastKnownFileType = sourcecode.swift; path = WishListViewController.swift; sourceTree = "<group>"; };
		846B45C520A6E9CF00E14F3D /* ChatViewController.swift */ = {isa = PBXFileReference; lastKnownFileType = sourcecode.swift; path = ChatViewController.swift; sourceTree = "<group>"; };
		846B45C720A6EDFA00E14F3D /* Settings.swift */ = {isa = PBXFileReference; lastKnownFileType = sourcecode.swift; path = Settings.swift; sourceTree = "<group>"; };
		846B45C920A6F5D600E14F3D /* Friend.swift */ = {isa = PBXFileReference; lastKnownFileType = sourcecode.swift; path = Friend.swift; sourceTree = "<group>"; };
		846B45CB20A70D7400E14F3D /* FriendsListSection.swift */ = {isa = PBXFileReference; lastKnownFileType = sourcecode.swift; path = FriendsListSection.swift; sourceTree = "<group>"; };
		846B45CD20A70E4400E14F3D /* FriendTableViewCell.swift */ = {isa = PBXFileReference; lastKnownFileType = sourcecode.swift; path = FriendTableViewCell.swift; sourceTree = "<group>"; };
		846B45CE20A70E4400E14F3D /* FriendTableViewCell.xib */ = {isa = PBXFileReference; lastKnownFileType = file.xib; path = FriendTableViewCell.xib; sourceTree = "<group>"; };
		8485DE4420A711740022C37A /* Lato-LightItalic.ttf */ = {isa = PBXFileReference; lastKnownFileType = file; path = "Lato-LightItalic.ttf"; sourceTree = "<group>"; };
		8485DE4520A711750022C37A /* Lato-Regular.ttf */ = {isa = PBXFileReference; lastKnownFileType = file; path = "Lato-Regular.ttf"; sourceTree = "<group>"; };
		8485DE4620A711760022C37A /* Lato-BlackItalic.ttf */ = {isa = PBXFileReference; lastKnownFileType = file; path = "Lato-BlackItalic.ttf"; sourceTree = "<group>"; };
		8485DE4720A711760022C37A /* Lato-Black.ttf */ = {isa = PBXFileReference; lastKnownFileType = file; path = "Lato-Black.ttf"; sourceTree = "<group>"; };
		8485DE4820A711770022C37A /* Lato-Hairline.ttf */ = {isa = PBXFileReference; lastKnownFileType = file; path = "Lato-Hairline.ttf"; sourceTree = "<group>"; };
		8485DE4920A711770022C37A /* Lato-Italic.ttf */ = {isa = PBXFileReference; lastKnownFileType = file; path = "Lato-Italic.ttf"; sourceTree = "<group>"; };
		8485DE4B20A711780022C37A /* Lato-Bold.ttf */ = {isa = PBXFileReference; lastKnownFileType = file; path = "Lato-Bold.ttf"; sourceTree = "<group>"; };
		8485DE4C20A711790022C37A /* Lato-HairlineItalic.ttf */ = {isa = PBXFileReference; lastKnownFileType = file; path = "Lato-HairlineItalic.ttf"; sourceTree = "<group>"; };
		8485DE4D20A7117A0022C37A /* Lato-BoldItalic.ttf */ = {isa = PBXFileReference; lastKnownFileType = file; path = "Lato-BoldItalic.ttf"; sourceTree = "<group>"; };
		8485DE5820A73F7E0022C37A /* Library.swift */ = {isa = PBXFileReference; lastKnownFileType = sourcecode.swift; path = Library.swift; sourceTree = "<group>"; };
		8485DE5A20A7430F0022C37A /* Game.swift */ = {isa = PBXFileReference; lastKnownFileType = sourcecode.swift; path = Game.swift; sourceTree = "<group>"; };
		8485DE5C20A74E640022C37A /* GameTableViewCell.swift */ = {isa = PBXFileReference; lastKnownFileType = sourcecode.swift; path = GameTableViewCell.swift; sourceTree = "<group>"; };
		8485DE5D20A74E640022C37A /* GameTableViewCell.xib */ = {isa = PBXFileReference; lastKnownFileType = file.xib; path = GameTableViewCell.xib; sourceTree = "<group>"; };
		8485DE6020A755BC0022C37A /* ChatWithViewController.swift */ = {isa = PBXFileReference; lastKnownFileType = sourcecode.swift; path = ChatWithViewController.swift; sourceTree = "<group>"; };
		8486521A20A3AF2700645FD7 /* RESTClient.swift */ = {isa = PBXFileReference; lastKnownFileType = sourcecode.swift; path = RESTClient.swift; sourceTree = "<group>"; };
		8486521C20A3B68100645FD7 /* APIClient.swift */ = {isa = PBXFileReference; lastKnownFileType = sourcecode.swift; path = APIClient.swift; sourceTree = "<group>"; };
		8486521E20A3B7F400645FD7 /* APIConstants.swift */ = {isa = PBXFileReference; lastKnownFileType = sourcecode.swift; path = APIConstants.swift; sourceTree = "<group>"; };
		8486522020A3B90400645FD7 /* ViewConstants.swift */ = {isa = PBXFileReference; lastKnownFileType = sourcecode.swift; path = ViewConstants.swift; sourceTree = "<group>"; };
		8486522220A3BA5600645FD7 /* UIExtensions.swift */ = {isa = PBXFileReference; lastKnownFileType = sourcecode.swift; path = UIExtensions.swift; sourceTree = "<group>"; };
		8486522420A3BB0400645FD7 /* ViewControllerExtensions.swift */ = {isa = PBXFileReference; lastKnownFileType = sourcecode.swift; path = ViewControllerExtensions.swift; sourceTree = "<group>"; };
		8486522620A3BB4300645FD7 /* Macros.swift */ = {isa = PBXFileReference; lastKnownFileType = sourcecode.swift; path = Macros.swift; sourceTree = "<group>"; };
		8486522820A3BB7D00645FD7 /* FoundationUtils.swift */ = {isa = PBXFileReference; lastKnownFileType = sourcecode.swift; path = FoundationUtils.swift; sourceTree = "<group>"; };
		8486522A20A3BBC700645FD7 /* User.swift */ = {isa = PBXFileReference; lastKnownFileType = sourcecode.swift; path = User.swift; sourceTree = "<group>"; };
		8486522D20A3BE9000645FD7 /* TableViewService.swift */ = {isa = PBXFileReference; lastKnownFileType = sourcecode.swift; path = TableViewService.swift; sourceTree = "<group>"; };
		8486522F20A3BED100645FD7 /* TableViewServiceSection.swift */ = {isa = PBXFileReference; lastKnownFileType = sourcecode.swift; path = TableViewServiceSection.swift; sourceTree = "<group>"; };
		8486523120A3BEEE00645FD7 /* TableViewSectionItem.swift */ = {isa = PBXFileReference; lastKnownFileType = sourcecode.swift; path = TableViewSectionItem.swift; sourceTree = "<group>"; };
		8486523320A3BF0C00645FD7 /* TableViewServiceSectionBuilder.swift */ = {isa = PBXFileReference; lastKnownFileType = sourcecode.swift; path = TableViewServiceSectionBuilder.swift; sourceTree = "<group>"; };
		84DED08620A3A88000F80B2A /* BaseProject.app */ = {isa = PBXFileReference; explicitFileType = wrapper.application; includeInIndex = 0; path = BaseProject.app; sourceTree = BUILT_PRODUCTS_DIR; };
		84DED08920A3A88000F80B2A /* AppDelegate.swift */ = {isa = PBXFileReference; lastKnownFileType = sourcecode.swift; path = AppDelegate.swift; sourceTree = "<group>"; };
		84DED08B20A3A88000F80B2A /* ViewController.swift */ = {isa = PBXFileReference; lastKnownFileType = sourcecode.swift; path = ViewController.swift; sourceTree = "<group>"; };
		84DED08E20A3A88000F80B2A /* Base */ = {isa = PBXFileReference; lastKnownFileType = file.storyboard; name = Base; path = Base.lproj/Main.storyboard; sourceTree = "<group>"; };
		84DED09020A3A88100F80B2A /* Assets.xcassets */ = {isa = PBXFileReference; lastKnownFileType = folder.assetcatalog; path = Assets.xcassets; sourceTree = "<group>"; };
		84DED09320A3A88100F80B2A /* Base */ = {isa = PBXFileReference; lastKnownFileType = file.storyboard; name = Base; path = Base.lproj/LaunchScreen.storyboard; sourceTree = "<group>"; };
		84DED09520A3A88100F80B2A /* Info.plist */ = {isa = PBXFileReference; lastKnownFileType = text.plist.xml; path = Info.plist; sourceTree = "<group>"; };
		84DED09A20A3A88200F80B2A /* BaseProjectTests.xctest */ = {isa = PBXFileReference; explicitFileType = wrapper.cfbundle; includeInIndex = 0; path = BaseProjectTests.xctest; sourceTree = BUILT_PRODUCTS_DIR; };
		84DED09E20A3A88200F80B2A /* BaseProjectTests.swift */ = {isa = PBXFileReference; lastKnownFileType = sourcecode.swift; path = BaseProjectTests.swift; sourceTree = "<group>"; };
		84DED0A020A3A88200F80B2A /* Info.plist */ = {isa = PBXFileReference; lastKnownFileType = text.plist.xml; path = Info.plist; sourceTree = "<group>"; };
		84DED0A520A3A88200F80B2A /* BaseProjectUITests.xctest */ = {isa = PBXFileReference; explicitFileType = wrapper.cfbundle; includeInIndex = 0; path = BaseProjectUITests.xctest; sourceTree = BUILT_PRODUCTS_DIR; };
		84DED0A920A3A88200F80B2A /* BaseProjectUITests.swift */ = {isa = PBXFileReference; lastKnownFileType = sourcecode.swift; path = BaseProjectUITests.swift; sourceTree = "<group>"; };
		84DED0AB20A3A88200F80B2A /* Info.plist */ = {isa = PBXFileReference; lastKnownFileType = text.plist.xml; path = Info.plist; sourceTree = "<group>"; };
		AAF31D1A83BAC1EA92B07F47 /* Pods-BaseProject.debug.xcconfig */ = {isa = PBXFileReference; includeInIndex = 1; lastKnownFileType = text.xcconfig; name = "Pods-BaseProject.debug.xcconfig"; path = "Pods/Target Support Files/Pods-BaseProject/Pods-BaseProject.debug.xcconfig"; sourceTree = "<group>"; };
		F59750F3A480FEEF1D2FEDC4 /* Pods_BaseProject.framework */ = {isa = PBXFileReference; explicitFileType = wrapper.framework; includeInIndex = 0; path = Pods_BaseProject.framework; sourceTree = BUILT_PRODUCTS_DIR; };
/* End PBXFileReference section */

/* Begin PBXFrameworksBuildPhase section */
		84DED08320A3A88000F80B2A /* Frameworks */ = {
			isa = PBXFrameworksBuildPhase;
			buildActionMask = 2147483647;
			files = (
				B543D40AC86B880F12AB482E /* Pods_BaseProject.framework in Frameworks */,
			);
			runOnlyForDeploymentPostprocessing = 0;
		};
		84DED09720A3A88200F80B2A /* Frameworks */ = {
			isa = PBXFrameworksBuildPhase;
			buildActionMask = 2147483647;
			files = (
			);
			runOnlyForDeploymentPostprocessing = 0;
		};
		84DED0A220A3A88200F80B2A /* Frameworks */ = {
			isa = PBXFrameworksBuildPhase;
			buildActionMask = 2147483647;
			files = (
			);
			runOnlyForDeploymentPostprocessing = 0;
		};
/* End PBXFrameworksBuildPhase section */

/* Begin PBXGroup section */
		0CE300E861FB661C52CB33DD /* Frameworks */ = {
			isa = PBXGroup;
			children = (
				F59750F3A480FEEF1D2FEDC4 /* Pods_BaseProject.framework */,
			);
			name = Frameworks;
			sourceTree = "<group>";
		};
		2FCB5D38AC60207353AC6170 /* Pods */ = {
			isa = PBXGroup;
			children = (
				AAF31D1A83BAC1EA92B07F47 /* Pods-BaseProject.debug.xcconfig */,
				35A030B78668597B1C0FBCC2 /* Pods-BaseProject.release.xcconfig */,
			);
			name = Pods;
			sourceTree = "<group>";
		};
		845EE05620A4BA8400D12F0B /* AlertView */ = {
			isa = PBXGroup;
			children = (
				845EE05720A4BA9A00D12F0B /* AlertView.swift */,
				845EE05C20A4BD9500D12F0B /* PopupView.swift */,
				845EE05E20A4BEE600D12F0B /* PopupView.xib */,
				845EE06820A4CADE00D12F0B /* UIViewControllerAlertExtensions.swift */,
			);
			path = AlertView;
			sourceTree = "<group>";
		};
		845EE05920A4BB9000D12F0B /* Reusable */ = {
			isa = PBXGroup;
			children = (
				845EE05A20A4BC2800D12F0B /* XibView.swift */,
				845EE06020A4C09400D12F0B /* RoundedButton.swift */,
			);
			path = Reusable;
			sourceTree = "<group>";
		};
		845EE06220A4C56D00D12F0B /* Components */ = {
			isa = PBXGroup;
			children = (
				846B45CB20A70D7400E14F3D /* FriendsListSection.swift */,
			);
			path = Components;
			sourceTree = "<group>";
		};
		8485DE4320A711650022C37A /* Font */ = {
			isa = PBXGroup;
			children = (
				8485DE4720A711760022C37A /* Lato-Black.ttf */,
				8485DE4620A711760022C37A /* Lato-BlackItalic.ttf */,
				8485DE4B20A711780022C37A /* Lato-Bold.ttf */,
				8485DE4D20A7117A0022C37A /* Lato-BoldItalic.ttf */,
				8485DE4820A711770022C37A /* Lato-Hairline.ttf */,
				8485DE4C20A711790022C37A /* Lato-HairlineItalic.ttf */,
				8485DE4920A711770022C37A /* Lato-Italic.ttf */,
				8485DE4420A711740022C37A /* Lato-LightItalic.ttf */,
				8485DE4520A711750022C37A /* Lato-Regular.ttf */,
			);
			path = Font;
			sourceTree = "<group>";
		};
		8486521120A3ADDB00645FD7 /* Model */ = {
			isa = PBXGroup;
			children = (
				8486522A20A3BBC700645FD7 /* User.swift */,
				846B45C920A6F5D600E14F3D /* Friend.swift */,
				8485DE5820A73F7E0022C37A /* Library.swift */,
				8485DE5A20A7430F0022C37A /* Game.swift */,
			);
			path = Model;
			sourceTree = "<group>";
		};
		8486521220A3ADE700645FD7 /* API */ = {
			isa = PBXGroup;
			children = (
				8486521A20A3AF2700645FD7 /* RESTClient.swift */,
				8486521C20A3B68100645FD7 /* APIClient.swift */,
				8486521E20A3B7F400645FD7 /* APIConstants.swift */,
			);
			path = API;
			sourceTree = "<group>";
		};
		8486521320A3ADFD00645FD7 /* Helpers */ = {
			isa = PBXGroup;
			children = (
				8486522020A3B90400645FD7 /* ViewConstants.swift */,
				8486522220A3BA5600645FD7 /* UIExtensions.swift */,
				8486522420A3BB0400645FD7 /* ViewControllerExtensions.swift */,
				8486522620A3BB4300645FD7 /* Macros.swift */,
				8486522820A3BB7D00645FD7 /* FoundationUtils.swift */,
				846B45C720A6EDFA00E14F3D /* Settings.swift */,
			);
			path = Helpers;
			sourceTree = "<group>";
		};
		8486521420A3AE1800645FD7 /* Resources */ = {
			isa = PBXGroup;
			children = (
				8485DE4320A711650022C37A /* Font */,
				8486521920A3AE8500645FD7 /* Storyboards */,
				84DED09020A3A88100F80B2A /* Assets.xcassets */,
				845EE06720A4C98800D12F0B /* Localizable.strings */,
			);
			path = Resources;
			sourceTree = "<group>";
		};
		8486521520A3AE2A00645FD7 /* VCs */ = {
			isa = PBXGroup;
			children = (
				845EE06A20A4DE8900D12F0B /* LoginViewController.swift */,
				845EE06C20A4E07300D12F0B /* LoginWebViewController.swift */,
				846B45BF20A6E96C00E14F3D /* TabBarViewController.swift */,
				846B45C120A6E9AF00E14F3D /* LibraryViewController.swift */,
				846B45C320A6E9C400E14F3D /* WishListViewController.swift */,
				846B45C520A6E9CF00E14F3D /* ChatViewController.swift */,
				8485DE6020A755BC0022C37A /* ChatWithViewController.swift */,
			);
			path = VCs;
			sourceTree = "<group>";
		};
		8486521620A3AE4600645FD7 /* Views */ = {
			isa = PBXGroup;
			children = (
				845EE05920A4BB9000D12F0B /* Reusable */,
				845EE05620A4BA8400D12F0B /* AlertView */,
				846B45CD20A70E4400E14F3D /* FriendTableViewCell.swift */,
				846B45CE20A70E4400E14F3D /* FriendTableViewCell.xib */,
				8485DE5C20A74E640022C37A /* GameTableViewCell.swift */,
				8485DE5D20A74E640022C37A /* GameTableViewCell.xib */,
			);
			path = Views;
			sourceTree = "<group>";
		};
		8486521720A3AE5700645FD7 /* Services */ = {
			isa = PBXGroup;
			children = (
				845EE06220A4C56D00D12F0B /* Components */,
				8486522C20A3BE7800645FD7 /* TableViewServices */,
				845EE06E20A507E000D12F0B /* UserService.swift */,
			);
			path = Services;
			sourceTree = "<group>";
		};
		8486521820A3AE6300645FD7 /* Routers */ = {
			isa = PBXGroup;
			children = (
				845EE05220A4B3E300D12F0B /* Routables.swift */,
				845EE05420A4B57300D12F0B /* Router.swift */,
			);
			path = Routers;
			sourceTree = "<group>";
		};
		8486521920A3AE8500645FD7 /* Storyboards */ = {
			isa = PBXGroup;
			children = (
				84DED08D20A3A88000F80B2A /* Main.storyboard */,
				84DED09220A3A88100F80B2A /* LaunchScreen.storyboard */,
			);
			path = Storyboards;
			sourceTree = "<group>";
		};
		8486522C20A3BE7800645FD7 /* TableViewServices */ = {
			isa = PBXGroup;
			children = (
				8486522D20A3BE9000645FD7 /* TableViewService.swift */,
				8486522F20A3BED100645FD7 /* TableViewServiceSection.swift */,
				8486523120A3BEEE00645FD7 /* TableViewSectionItem.swift */,
				8486523320A3BF0C00645FD7 /* TableViewServiceSectionBuilder.swift */,
			);
			path = TableViewServices;
			sourceTree = "<group>";
		};
		84DED07D20A3A87F00F80B2A = {
			isa = PBXGroup;
			children = (
				84DED08820A3A88000F80B2A /* BaseProject */,
				84DED09D20A3A88200F80B2A /* BaseProjectTests */,
				84DED0A820A3A88200F80B2A /* BaseProjectUITests */,
				84DED08720A3A88000F80B2A /* Products */,
				2FCB5D38AC60207353AC6170 /* Pods */,
				0CE300E861FB661C52CB33DD /* Frameworks */,
			);
			sourceTree = "<group>";
		};
		84DED08720A3A88000F80B2A /* Products */ = {
			isa = PBXGroup;
			children = (
				84DED08620A3A88000F80B2A /* BaseProject.app */,
				84DED09A20A3A88200F80B2A /* BaseProjectTests.xctest */,
				84DED0A520A3A88200F80B2A /* BaseProjectUITests.xctest */,
			);
			name = Products;
			sourceTree = "<group>";
		};
		84DED08820A3A88000F80B2A /* BaseProject */ = {
			isa = PBXGroup;
			children = (
				8486521820A3AE6300645FD7 /* Routers */,
				8486521720A3AE5700645FD7 /* Services */,
				8486521620A3AE4600645FD7 /* Views */,
				8486521520A3AE2A00645FD7 /* VCs */,
				8486521320A3ADFD00645FD7 /* Helpers */,
				8486521120A3ADDB00645FD7 /* Model */,
				8486521220A3ADE700645FD7 /* API */,
				84DED08920A3A88000F80B2A /* AppDelegate.swift */,
				84DED08B20A3A88000F80B2A /* ViewController.swift */,
				84DED09520A3A88100F80B2A /* Info.plist */,
				8486521420A3AE1800645FD7 /* Resources */,
			);
			path = BaseProject;
			sourceTree = "<group>";
		};
		84DED09D20A3A88200F80B2A /* BaseProjectTests */ = {
			isa = PBXGroup;
			children = (
				84DED09E20A3A88200F80B2A /* BaseProjectTests.swift */,
				84DED0A020A3A88200F80B2A /* Info.plist */,
			);
			path = BaseProjectTests;
			sourceTree = "<group>";
		};
		84DED0A820A3A88200F80B2A /* BaseProjectUITests */ = {
			isa = PBXGroup;
			children = (
				84DED0A920A3A88200F80B2A /* BaseProjectUITests.swift */,
				84DED0AB20A3A88200F80B2A /* Info.plist */,
			);
			path = BaseProjectUITests;
			sourceTree = "<group>";
		};
/* End PBXGroup section */

/* Begin PBXNativeTarget section */
		84DED08520A3A88000F80B2A /* BaseProject */ = {
			isa = PBXNativeTarget;
			buildConfigurationList = 84DED0AE20A3A88200F80B2A /* Build configuration list for PBXNativeTarget "BaseProject" */;
			buildPhases = (
				41C8DB5430F893D113B1BD67 /* [CP] Check Pods Manifest.lock */,
				84DED08220A3A88000F80B2A /* Sources */,
				84DED08320A3A88000F80B2A /* Frameworks */,
				84DED08420A3A88000F80B2A /* Resources */,
				E453AE1C1B4D67C14F112EFB /* [CP] Embed Pods Frameworks */,
			);
			buildRules = (
			);
			dependencies = (
			);
			name = BaseProject;
			productName = BaseProject;
			productReference = 84DED08620A3A88000F80B2A /* BaseProject.app */;
			productType = "com.apple.product-type.application";
		};
		84DED09920A3A88200F80B2A /* BaseProjectTests */ = {
			isa = PBXNativeTarget;
			buildConfigurationList = 84DED0B120A3A88200F80B2A /* Build configuration list for PBXNativeTarget "BaseProjectTests" */;
			buildPhases = (
				84DED09620A3A88200F80B2A /* Sources */,
				84DED09720A3A88200F80B2A /* Frameworks */,
				84DED09820A3A88200F80B2A /* Resources */,
			);
			buildRules = (
			);
			dependencies = (
				84DED09C20A3A88200F80B2A /* PBXTargetDependency */,
			);
			name = BaseProjectTests;
			productName = BaseProjectTests;
			productReference = 84DED09A20A3A88200F80B2A /* BaseProjectTests.xctest */;
			productType = "com.apple.product-type.bundle.unit-test";
		};
		84DED0A420A3A88200F80B2A /* BaseProjectUITests */ = {
			isa = PBXNativeTarget;
			buildConfigurationList = 84DED0B420A3A88200F80B2A /* Build configuration list for PBXNativeTarget "BaseProjectUITests" */;
			buildPhases = (
				84DED0A120A3A88200F80B2A /* Sources */,
				84DED0A220A3A88200F80B2A /* Frameworks */,
				84DED0A320A3A88200F80B2A /* Resources */,
			);
			buildRules = (
			);
			dependencies = (
				84DED0A720A3A88200F80B2A /* PBXTargetDependency */,
			);
			name = BaseProjectUITests;
			productName = BaseProjectUITests;
			productReference = 84DED0A520A3A88200F80B2A /* BaseProjectUITests.xctest */;
			productType = "com.apple.product-type.bundle.ui-testing";
		};
/* End PBXNativeTarget section */

/* Begin PBXProject section */
		84DED07E20A3A87F00F80B2A /* Project object */ = {
			isa = PBXProject;
			attributes = {
				LastSwiftUpdateCheck = 0930;
				LastUpgradeCheck = 0930;
				ORGANIZATIONNAME = Admin;
				TargetAttributes = {
					84DED08520A3A88000F80B2A = {
						CreatedOnToolsVersion = 9.3;
					};
					84DED09920A3A88200F80B2A = {
						CreatedOnToolsVersion = 9.3;
						TestTargetID = 84DED08520A3A88000F80B2A;
					};
					84DED0A420A3A88200F80B2A = {
						CreatedOnToolsVersion = 9.3;
						TestTargetID = 84DED08520A3A88000F80B2A;
					};
				};
			};
			buildConfigurationList = 84DED08120A3A87F00F80B2A /* Build configuration list for PBXProject "BaseProject" */;
			compatibilityVersion = "Xcode 9.3";
			developmentRegion = en;
			hasScannedForEncodings = 0;
			knownRegions = (
				en,
				Base,
			);
			mainGroup = 84DED07D20A3A87F00F80B2A;
			productRefGroup = 84DED08720A3A88000F80B2A /* Products */;
			projectDirPath = "";
			projectRoot = "";
			targets = (
				84DED08520A3A88000F80B2A /* BaseProject */,
				84DED09920A3A88200F80B2A /* BaseProjectTests */,
				84DED0A420A3A88200F80B2A /* BaseProjectUITests */,
			);
		};
/* End PBXProject section */

/* Begin PBXResourcesBuildPhase section */
		84DED08420A3A88000F80B2A /* Resources */ = {
			isa = PBXResourcesBuildPhase;
			buildActionMask = 2147483647;
			files = (
				845EE06520A4C98800D12F0B /* Localizable.strings in Resources */,
				8485DE5620A7117B0022C37A /* Lato-HairlineItalic.ttf in Resources */,
				8485DE5720A7117B0022C37A /* Lato-BoldItalic.ttf in Resources */,
				8485DE5F20A74E640022C37A /* GameTableViewCell.xib in Resources */,
				846B45D020A70E4400E14F3D /* FriendTableViewCell.xib in Resources */,
				8485DE5220A7117B0022C37A /* Lato-Hairline.ttf in Resources */,
				84DED09420A3A88100F80B2A /* LaunchScreen.storyboard in Resources */,
				8485DE4F20A7117B0022C37A /* Lato-Regular.ttf in Resources */,
				845EE05F20A4BEE600D12F0B /* PopupView.xib in Resources */,
				8485DE5520A7117B0022C37A /* Lato-Bold.ttf in Resources */,
				8485DE5020A7117B0022C37A /* Lato-BlackItalic.ttf in Resources */,
				84DED09120A3A88100F80B2A /* Assets.xcassets in Resources */,
				84DED08F20A3A88000F80B2A /* Main.storyboard in Resources */,
				8485DE5120A7117B0022C37A /* Lato-Black.ttf in Resources */,
				8485DE5320A7117B0022C37A /* Lato-Italic.ttf in Resources */,
				8485DE4E20A7117B0022C37A /* Lato-LightItalic.ttf in Resources */,
			);
			runOnlyForDeploymentPostprocessing = 0;
		};
		84DED09820A3A88200F80B2A /* Resources */ = {
			isa = PBXResourcesBuildPhase;
			buildActionMask = 2147483647;
			files = (
			);
			runOnlyForDeploymentPostprocessing = 0;
		};
		84DED0A320A3A88200F80B2A /* Resources */ = {
			isa = PBXResourcesBuildPhase;
			buildActionMask = 2147483647;
			files = (
			);
			runOnlyForDeploymentPostprocessing = 0;
		};
/* End PBXResourcesBuildPhase section */

/* Begin PBXShellScriptBuildPhase section */
		41C8DB5430F893D113B1BD67 /* [CP] Check Pods Manifest.lock */ = {
			isa = PBXShellScriptBuildPhase;
			buildActionMask = 2147483647;
			files = (
			);
			inputPaths = (
				"${PODS_PODFILE_DIR_PATH}/Podfile.lock",
				"${PODS_ROOT}/Manifest.lock",
			);
			name = "[CP] Check Pods Manifest.lock";
			outputPaths = (
				"$(DERIVED_FILE_DIR)/Pods-BaseProject-checkManifestLockResult.txt",
			);
			runOnlyForDeploymentPostprocessing = 0;
			shellPath = /bin/sh;
			shellScript = "diff \"${PODS_PODFILE_DIR_PATH}/Podfile.lock\" \"${PODS_ROOT}/Manifest.lock\" > /dev/null\nif [ $? != 0 ] ; then\n    # print error to STDERR\n    echo \"error: The sandbox is not in sync with the Podfile.lock. Run 'pod install' or update your CocoaPods installation.\" >&2\n    exit 1\nfi\n# This output is used by Xcode 'outputs' to avoid re-running this script phase.\necho \"SUCCESS\" > \"${SCRIPT_OUTPUT_FILE_0}\"\n";
			showEnvVarsInLog = 0;
		};
		E453AE1C1B4D67C14F112EFB /* [CP] Embed Pods Frameworks */ = {
			isa = PBXShellScriptBuildPhase;
			buildActionMask = 2147483647;
			files = (
			);
			inputPaths = (
				"${SRCROOT}/Pods/Target Support Files/Pods-BaseProject/Pods-BaseProject-frameworks.sh",
				"${BUILT_PRODUCTS_DIR}/Alamofire/Alamofire.framework",
				"${BUILT_PRODUCTS_DIR}/Kingfisher/Kingfisher.framework",
				"${BUILT_PRODUCTS_DIR}/Locksmith/Locksmith.framework",
				"${BUILT_PRODUCTS_DIR}/ObjectMapper/ObjectMapper.framework",
			);
			name = "[CP] Embed Pods Frameworks";
			outputPaths = (
				"${TARGET_BUILD_DIR}/${FRAMEWORKS_FOLDER_PATH}/Alamofire.framework",
				"${TARGET_BUILD_DIR}/${FRAMEWORKS_FOLDER_PATH}/Kingfisher.framework",
				"${TARGET_BUILD_DIR}/${FRAMEWORKS_FOLDER_PATH}/Locksmith.framework",
				"${TARGET_BUILD_DIR}/${FRAMEWORKS_FOLDER_PATH}/ObjectMapper.framework",
			);
			runOnlyForDeploymentPostprocessing = 0;
			shellPath = /bin/sh;
			shellScript = "\"${SRCROOT}/Pods/Target Support Files/Pods-BaseProject/Pods-BaseProject-frameworks.sh\"\n";
			showEnvVarsInLog = 0;
		};
/* End PBXShellScriptBuildPhase section */

/* Begin PBXSourcesBuildPhase section */
		84DED08220A3A88000F80B2A /* Sources */ = {
			isa = PBXSourcesBuildPhase;
			buildActionMask = 2147483647;
			files = (
				845EE05B20A4BC2800D12F0B /* XibView.swift in Sources */,
				846B45C420A6E9C400E14F3D /* WishListViewController.swift in Sources */,
				845EE06F20A507E000D12F0B /* UserService.swift in Sources */,
				8486522720A3BB4300645FD7 /* Macros.swift in Sources */,
				8486522E20A3BE9000645FD7 /* TableViewService.swift in Sources */,
				845EE06B20A4DE8900D12F0B /* LoginViewController.swift in Sources */,
				8486522520A3BB0400645FD7 /* ViewControllerExtensions.swift in Sources */,
				845EE06120A4C09400D12F0B /* RoundedButton.swift in Sources */,
				846B45C220A6E9AF00E14F3D /* LibraryViewController.swift in Sources */,
				8486522120A3B90400645FD7 /* ViewConstants.swift in Sources */,
				8486522320A3BA5600645FD7 /* UIExtensions.swift in Sources */,
				8485DE5E20A74E640022C37A /* GameTableViewCell.swift in Sources */,
				84DED08C20A3A88000F80B2A /* ViewController.swift in Sources */,
				846B45C020A6E96C00E14F3D /* TabBarViewController.swift in Sources */,
				8486523420A3BF0C00645FD7 /* TableViewServiceSectionBuilder.swift in Sources */,
				8486521F20A3B7F400645FD7 /* APIConstants.swift in Sources */,
				846B45CF20A70E4400E14F3D /* FriendTableViewCell.swift in Sources */,
				8485DE5B20A7430F0022C37A /* Game.swift in Sources */,
				846B45CC20A70D7400E14F3D /* FriendsListSection.swift in Sources */,
				8485DE5920A73F7E0022C37A /* Library.swift in Sources */,
				8486521B20A3AF2700645FD7 /* RESTClient.swift in Sources */,
				84DED08A20A3A88000F80B2A /* AppDelegate.swift in Sources */,
				8485DE6120A755BC0022C37A /* ChatWithViewController.swift in Sources */,
				845EE06D20A4E07300D12F0B /* LoginWebViewController.swift in Sources */,
				845EE05520A4B57300D12F0B /* Router.swift in Sources */,
				845EE05820A4BA9A00D12F0B /* AlertView.swift in Sources */,
				845EE05D20A4BD9500D12F0B /* PopupView.swift in Sources */,
				8486522920A3BB7D00645FD7 /* FoundationUtils.swift in Sources */,
				845EE05320A4B3E300D12F0B /* Routables.swift in Sources */,
				845EE06920A4CADE00D12F0B /* UIViewControllerAlertExtensions.swift in Sources */,
				846B45C820A6EDFA00E14F3D /* Settings.swift in Sources */,
				8486523020A3BED100645FD7 /* TableViewServiceSection.swift in Sources */,
				846B45CA20A6F5D600E14F3D /* Friend.swift in Sources */,
				8486521D20A3B68100645FD7 /* APIClient.swift in Sources */,
				8486523220A3BEEE00645FD7 /* TableViewSectionItem.swift in Sources */,
				846B45C620A6E9CF00E14F3D /* ChatViewController.swift in Sources */,
				8486522B20A3BBC700645FD7 /* User.swift in Sources */,
			);
			runOnlyForDeploymentPostprocessing = 0;
		};
		84DED09620A3A88200F80B2A /* Sources */ = {
			isa = PBXSourcesBuildPhase;
			buildActionMask = 2147483647;
			files = (
				84DED09F20A3A88200F80B2A /* BaseProjectTests.swift in Sources */,
			);
			runOnlyForDeploymentPostprocessing = 0;
		};
		84DED0A120A3A88200F80B2A /* Sources */ = {
			isa = PBXSourcesBuildPhase;
			buildActionMask = 2147483647;
			files = (
				84DED0AA20A3A88200F80B2A /* BaseProjectUITests.swift in Sources */,
			);
			runOnlyForDeploymentPostprocessing = 0;
		};
/* End PBXSourcesBuildPhase section */

/* Begin PBXTargetDependency section */
		84DED09C20A3A88200F80B2A /* PBXTargetDependency */ = {
			isa = PBXTargetDependency;
			target = 84DED08520A3A88000F80B2A /* BaseProject */;
			targetProxy = 84DED09B20A3A88200F80B2A /* PBXContainerItemProxy */;
		};
		84DED0A720A3A88200F80B2A /* PBXTargetDependency */ = {
			isa = PBXTargetDependency;
			target = 84DED08520A3A88000F80B2A /* BaseProject */;
			targetProxy = 84DED0A620A3A88200F80B2A /* PBXContainerItemProxy */;
		};
/* End PBXTargetDependency section */

/* Begin PBXVariantGroup section */
		845EE06720A4C98800D12F0B /* Localizable.strings */ = {
			isa = PBXVariantGroup;
			children = (
				845EE06620A4C98800D12F0B /* en */,
			);
			name = Localizable.strings;
			sourceTree = "<group>";
		};
		84DED08D20A3A88000F80B2A /* Main.storyboard */ = {
			isa = PBXVariantGroup;
			children = (
				84DED08E20A3A88000F80B2A /* Base */,
			);
			name = Main.storyboard;
			sourceTree = "<group>";
		};
		84DED09220A3A88100F80B2A /* LaunchScreen.storyboard */ = {
			isa = PBXVariantGroup;
			children = (
				84DED09320A3A88100F80B2A /* Base */,
			);
			name = LaunchScreen.storyboard;
			sourceTree = "<group>";
		};
/* End PBXVariantGroup section */

/* Begin XCBuildConfiguration section */
		84DED0AC20A3A88200F80B2A /* Debug */ = {
			isa = XCBuildConfiguration;
			buildSettings = {
				ALWAYS_SEARCH_USER_PATHS = NO;
				CLANG_ANALYZER_NONNULL = YES;
				CLANG_ANALYZER_NUMBER_OBJECT_CONVERSION = YES_AGGRESSIVE;
				CLANG_CXX_LANGUAGE_STANDARD = "gnu++14";
				CLANG_CXX_LIBRARY = "libc++";
				CLANG_ENABLE_MODULES = YES;
				CLANG_ENABLE_OBJC_ARC = YES;
				CLANG_ENABLE_OBJC_WEAK = YES;
				CLANG_WARN_BLOCK_CAPTURE_AUTORELEASING = YES;
				CLANG_WARN_BOOL_CONVERSION = YES;
				CLANG_WARN_COMMA = YES;
				CLANG_WARN_CONSTANT_CONVERSION = YES;
				CLANG_WARN_DEPRECATED_OBJC_IMPLEMENTATIONS = YES;
				CLANG_WARN_DIRECT_OBJC_ISA_USAGE = YES_ERROR;
				CLANG_WARN_DOCUMENTATION_COMMENTS = YES;
				CLANG_WARN_EMPTY_BODY = YES;
				CLANG_WARN_ENUM_CONVERSION = YES;
				CLANG_WARN_INFINITE_RECURSION = YES;
				CLANG_WARN_INT_CONVERSION = YES;
				CLANG_WARN_NON_LITERAL_NULL_CONVERSION = YES;
				CLANG_WARN_OBJC_IMPLICIT_RETAIN_SELF = YES;
				CLANG_WARN_OBJC_LITERAL_CONVERSION = YES;
				CLANG_WARN_OBJC_ROOT_CLASS = YES_ERROR;
				CLANG_WARN_RANGE_LOOP_ANALYSIS = YES;
				CLANG_WARN_STRICT_PROTOTYPES = YES;
				CLANG_WARN_SUSPICIOUS_MOVE = YES;
				CLANG_WARN_UNGUARDED_AVAILABILITY = YES_AGGRESSIVE;
				CLANG_WARN_UNREACHABLE_CODE = YES;
				CLANG_WARN__DUPLICATE_METHOD_MATCH = YES;
				CODE_SIGN_IDENTITY = "iPhone Developer";
				COPY_PHASE_STRIP = NO;
				DEBUG_INFORMATION_FORMAT = dwarf;
				ENABLE_STRICT_OBJC_MSGSEND = YES;
				ENABLE_TESTABILITY = YES;
				GCC_C_LANGUAGE_STANDARD = gnu11;
				GCC_DYNAMIC_NO_PIC = NO;
				GCC_NO_COMMON_BLOCKS = YES;
				GCC_OPTIMIZATION_LEVEL = 0;
				GCC_PREPROCESSOR_DEFINITIONS = (
					"DEBUG=1",
					"$(inherited)",
				);
				GCC_WARN_64_TO_32_BIT_CONVERSION = YES;
				GCC_WARN_ABOUT_RETURN_TYPE = YES_ERROR;
				GCC_WARN_UNDECLARED_SELECTOR = YES;
				GCC_WARN_UNINITIALIZED_AUTOS = YES_AGGRESSIVE;
				GCC_WARN_UNUSED_FUNCTION = YES;
				GCC_WARN_UNUSED_VARIABLE = YES;
				IPHONEOS_DEPLOYMENT_TARGET = 11.0;
				MTL_ENABLE_DEBUG_INFO = YES;
				ONLY_ACTIVE_ARCH = YES;
				SDKROOT = iphoneos;
				SWIFT_ACTIVE_COMPILATION_CONDITIONS = DEBUG;
				SWIFT_OPTIMIZATION_LEVEL = "-Onone";
			};
			name = Debug;
		};
		84DED0AD20A3A88200F80B2A /* Release */ = {
			isa = XCBuildConfiguration;
			buildSettings = {
				ALWAYS_SEARCH_USER_PATHS = NO;
				CLANG_ANALYZER_NONNULL = YES;
				CLANG_ANALYZER_NUMBER_OBJECT_CONVERSION = YES_AGGRESSIVE;
				CLANG_CXX_LANGUAGE_STANDARD = "gnu++14";
				CLANG_CXX_LIBRARY = "libc++";
				CLANG_ENABLE_MODULES = YES;
				CLANG_ENABLE_OBJC_ARC = YES;
				CLANG_ENABLE_OBJC_WEAK = YES;
				CLANG_WARN_BLOCK_CAPTURE_AUTORELEASING = YES;
				CLANG_WARN_BOOL_CONVERSION = YES;
				CLANG_WARN_COMMA = YES;
				CLANG_WARN_CONSTANT_CONVERSION = YES;
				CLANG_WARN_DEPRECATED_OBJC_IMPLEMENTATIONS = YES;
				CLANG_WARN_DIRECT_OBJC_ISA_USAGE = YES_ERROR;
				CLANG_WARN_DOCUMENTATION_COMMENTS = YES;
				CLANG_WARN_EMPTY_BODY = YES;
				CLANG_WARN_ENUM_CONVERSION = YES;
				CLANG_WARN_INFINITE_RECURSION = YES;
				CLANG_WARN_INT_CONVERSION = YES;
				CLANG_WARN_NON_LITERAL_NULL_CONVERSION = YES;
				CLANG_WARN_OBJC_IMPLICIT_RETAIN_SELF = YES;
				CLANG_WARN_OBJC_LITERAL_CONVERSION = YES;
				CLANG_WARN_OBJC_ROOT_CLASS = YES_ERROR;
				CLANG_WARN_RANGE_LOOP_ANALYSIS = YES;
				CLANG_WARN_STRICT_PROTOTYPES = YES;
				CLANG_WARN_SUSPICIOUS_MOVE = YES;
				CLANG_WARN_UNGUARDED_AVAILABILITY = YES_AGGRESSIVE;
				CLANG_WARN_UNREACHABLE_CODE = YES;
				CLANG_WARN__DUPLICATE_METHOD_MATCH = YES;
				CODE_SIGN_IDENTITY = "iPhone Developer";
				COPY_PHASE_STRIP = NO;
				DEBUG_INFORMATION_FORMAT = "dwarf-with-dsym";
				ENABLE_NS_ASSERTIONS = NO;
				ENABLE_STRICT_OBJC_MSGSEND = YES;
				GCC_C_LANGUAGE_STANDARD = gnu11;
				GCC_NO_COMMON_BLOCKS = YES;
				GCC_WARN_64_TO_32_BIT_CONVERSION = YES;
				GCC_WARN_ABOUT_RETURN_TYPE = YES_ERROR;
				GCC_WARN_UNDECLARED_SELECTOR = YES;
				GCC_WARN_UNINITIALIZED_AUTOS = YES_AGGRESSIVE;
				GCC_WARN_UNUSED_FUNCTION = YES;
				GCC_WARN_UNUSED_VARIABLE = YES;
				IPHONEOS_DEPLOYMENT_TARGET = 11.0;
				MTL_ENABLE_DEBUG_INFO = NO;
				SDKROOT = iphoneos;
				SWIFT_COMPILATION_MODE = wholemodule;
				SWIFT_OPTIMIZATION_LEVEL = "-O";
				VALIDATE_PRODUCT = YES;
			};
			name = Release;
		};
		84DED0AF20A3A88200F80B2A /* Debug */ = {
			isa = XCBuildConfiguration;
			baseConfigurationReference = AAF31D1A83BAC1EA92B07F47 /* Pods-BaseProject.debug.xcconfig */;
			buildSettings = {
				ASSETCATALOG_COMPILER_APPICON_NAME = AppIcon;
				CODE_SIGN_STYLE = Automatic;
				DEVELOPMENT_TEAM = 22XF96BHCP;
				INFOPLIST_FILE = BaseProject/Info.plist;
				LD_RUNPATH_SEARCH_PATHS = (
					"$(inherited)",
					"@executable_path/Frameworks",
				);
				PRODUCT_BUNDLE_IDENTIFIER = GP.BaseProject;
				PRODUCT_NAME = "$(TARGET_NAME)";
				SWIFT_VERSION = 4.0;
				TARGETED_DEVICE_FAMILY = "1,2";
			};
			name = Debug;
		};
		84DED0B020A3A88200F80B2A /* Release */ = {
			isa = XCBuildConfiguration;
			baseConfigurationReference = 35A030B78668597B1C0FBCC2 /* Pods-BaseProject.release.xcconfig */;
			buildSettings = {
				ASSETCATALOG_COMPILER_APPICON_NAME = AppIcon;
				CODE_SIGN_STYLE = Automatic;
				DEVELOPMENT_TEAM = 22XF96BHCP;
				INFOPLIST_FILE = BaseProject/Info.plist;
				LD_RUNPATH_SEARCH_PATHS = (
					"$(inherited)",
					"@executable_path/Frameworks",
				);
				PRODUCT_BUNDLE_IDENTIFIER = GP.BaseProject;
				PRODUCT_NAME = "$(TARGET_NAME)";
				SWIFT_VERSION = 4.0;
				TARGETED_DEVICE_FAMILY = "1,2";
			};
			name = Release;
		};
		84DED0B220A3A88200F80B2A /* Debug */ = {
			isa = XCBuildConfiguration;
			buildSettings = {
				ALWAYS_EMBED_SWIFT_STANDARD_LIBRARIES = YES;
				BUNDLE_LOADER = "$(TEST_HOST)";
				CODE_SIGN_STYLE = Automatic;
				DEVELOPMENT_TEAM = 22XF96BHCP;
				INFOPLIST_FILE = BaseProjectTests/Info.plist;
				LD_RUNPATH_SEARCH_PATHS = (
					"$(inherited)",
					"@executable_path/Frameworks",
					"@loader_path/Frameworks",
				);
				PRODUCT_BUNDLE_IDENTIFIER = GP.BaseProjectTests;
				PRODUCT_NAME = "$(TARGET_NAME)";
				SWIFT_VERSION = 4.0;
				TARGETED_DEVICE_FAMILY = "1,2";
				TEST_HOST = "$(BUILT_PRODUCTS_DIR)/BaseProject.app/BaseProject";
			};
			name = Debug;
		};
		84DED0B320A3A88200F80B2A /* Release */ = {
			isa = XCBuildConfiguration;
			buildSettings = {
				ALWAYS_EMBED_SWIFT_STANDARD_LIBRARIES = YES;
				BUNDLE_LOADER = "$(TEST_HOST)";
				CODE_SIGN_STYLE = Automatic;
				DEVELOPMENT_TEAM = 22XF96BHCP;
				INFOPLIST_FILE = BaseProjectTests/Info.plist;
				LD_RUNPATH_SEARCH_PATHS = (
					"$(inherited)",
					"@executable_path/Frameworks",
					"@loader_path/Frameworks",
				);
				PRODUCT_BUNDLE_IDENTIFIER = GP.BaseProjectTests;
				PRODUCT_NAME = "$(TARGET_NAME)";
				SWIFT_VERSION = 4.0;
				TARGETED_DEVICE_FAMILY = "1,2";
				TEST_HOST = "$(BUILT_PRODUCTS_DIR)/BaseProject.app/BaseProject";
			};
			name = Release;
		};
		84DED0B520A3A88200F80B2A /* Debug */ = {
			isa = XCBuildConfiguration;
			buildSettings = {
				ALWAYS_EMBED_SWIFT_STANDARD_LIBRARIES = YES;
				CODE_SIGN_STYLE = Automatic;
				DEVELOPMENT_TEAM = 22XF96BHCP;
				INFOPLIST_FILE = BaseProjectUITests/Info.plist;
				LD_RUNPATH_SEARCH_PATHS = (
					"$(inherited)",
					"@executable_path/Frameworks",
					"@loader_path/Frameworks",
				);
				PRODUCT_BUNDLE_IDENTIFIER = GP.BaseProjectUITests;
				PRODUCT_NAME = "$(TARGET_NAME)";
				SWIFT_VERSION = 4.0;
				TARGETED_DEVICE_FAMILY = "1,2";
				TEST_TARGET_NAME = BaseProject;
			};
			name = Debug;
		};
		84DED0B620A3A88200F80B2A /* Release */ = {
			isa = XCBuildConfiguration;
			buildSettings = {
				ALWAYS_EMBED_SWIFT_STANDARD_LIBRARIES = YES;
				CODE_SIGN_STYLE = Automatic;
				DEVELOPMENT_TEAM = 22XF96BHCP;
				INFOPLIST_FILE = BaseProjectUITests/Info.plist;
				LD_RUNPATH_SEARCH_PATHS = (
					"$(inherited)",
					"@executable_path/Frameworks",
					"@loader_path/Frameworks",
				);
				PRODUCT_BUNDLE_IDENTIFIER = GP.BaseProjectUITests;
				PRODUCT_NAME = "$(TARGET_NAME)";
				SWIFT_VERSION = 4.0;
				TARGETED_DEVICE_FAMILY = "1,2";
				TEST_TARGET_NAME = BaseProject;
			};
			name = Release;
		};
/* End XCBuildConfiguration section */

/* Begin XCConfigurationList section */
		84DED08120A3A87F00F80B2A /* Build configuration list for PBXProject "BaseProject" */ = {
			isa = XCConfigurationList;
			buildConfigurations = (
				84DED0AC20A3A88200F80B2A /* Debug */,
				84DED0AD20A3A88200F80B2A /* Release */,
			);
			defaultConfigurationIsVisible = 0;
			defaultConfigurationName = Release;
		};
		84DED0AE20A3A88200F80B2A /* Build configuration list for PBXNativeTarget "BaseProject" */ = {
			isa = XCConfigurationList;
			buildConfigurations = (
				84DED0AF20A3A88200F80B2A /* Debug */,
				84DED0B020A3A88200F80B2A /* Release */,
			);
			defaultConfigurationIsVisible = 0;
			defaultConfigurationName = Release;
		};
		84DED0B120A3A88200F80B2A /* Build configuration list for PBXNativeTarget "BaseProjectTests" */ = {
			isa = XCConfigurationList;
			buildConfigurations = (
				84DED0B220A3A88200F80B2A /* Debug */,
				84DED0B320A3A88200F80B2A /* Release */,
			);
			defaultConfigurationIsVisible = 0;
			defaultConfigurationName = Release;
		};
		84DED0B420A3A88200F80B2A /* Build configuration list for PBXNativeTarget "BaseProjectUITests" */ = {
			isa = XCConfigurationList;
			buildConfigurations = (
				84DED0B520A3A88200F80B2A /* Debug */,
				84DED0B620A3A88200F80B2A /* Release */,
			);
			defaultConfigurationIsVisible = 0;
			defaultConfigurationName = Release;
		};
/* End XCConfigurationList section */
	};
	rootObject = 84DED07E20A3A87F00F80B2A /* Project object */;
}
